
Microsoft Visual Studio Solution File, Format Version 12.00
# Visual Studio Version 16
VisualStudioVersion = 16.0.30503.244
MinimumVisualStudioVersion = 10.0.40219.1
Project("{2150E333-8FDC-42A3-9474-1A3956D46DE8}") = "1 - Application", "1 - Application", "{48187387-B259-4DCE-8884-E37668FACEE7}"
EndProject
Project("{2150E333-8FDC-42A3-9474-1A3956D46DE8}") = "2 - Domain", "2 - Domain", "{3365D00C-CBBD-4AAD-9C2C-3AB8D4D8123B}"
EndProject
Project("{2150E333-8FDC-42A3-9474-1A3956D46DE8}") = "3 - Service", "3 - Service", "{F56AE5D7-E5E2-4D8D-91E1-FAF86012C3B3}"
EndProject
Project("{2150E333-8FDC-42A3-9474-1A3956D46DE8}") = "4 - Infra", "4 - Infra", "{461AC037-16EC-4356-AF5D-5CF449A0E4DD}"
EndProject
Project("{9A19103F-16F7-4668-BE54-9A1E7A4F7556}") = "BenFatto.Domain", "BenFatto.Domain\BenFatto.Domain.csproj", "{37C85CFE-E0ED-44EA-BEB6-E67960D5A094}"
EndProject
Project("{2150E333-8FDC-42A3-9474-1A3956D46DE8}") = "4.1 - Data", "4.1 - Data", "{CB5FF016-84D0-43FB-92A0-AA0F7285DB8A}"
EndProject
Project("{9A19103F-16F7-4668-BE54-9A1E7A4F7556}") = "BenFatto.Data", "BenFatto.Data\BenFatto.Data.csproj", "{89E7C062-D24A-451A-BED4-DEB86EE85B19}"
EndProject
Project("{9A19103F-16F7-4668-BE54-9A1E7A4F7556}") = "BenFatto.Service", "BenFatto.Service\BenFatto.Service.csproj", "{3FB7338D-E4EE-45EA-96C0-20521AB02791}"
EndProject
Project("{2150E333-8FDC-42A3-9474-1A3956D46DE8}") = "4.2 - Shared", "4.2 - Shared", "{B01153C3-2644-4E47-86C5-CEA64898C9F2}"
EndProject
Project("{FAE04EC0-301F-11D3-BF4B-00C04F79EFBC}") = "Infra.Shared", "Infra.Shared\Infra.Shared.csproj", "{B6933ED7-5716-4974-8B82-062CCDC0A32A}"
EndProject
Project("{2150E333-8FDC-42A3-9474-1A3956D46DE8}") = "teste", "teste", "{D826AC3C-F56C-41C7-9295-F71EB7517990}"
EndProject
Project("{FAE04EC0-301F-11D3-BF4B-00C04F79EFBC}") = "BenFatto.Tests", "BenFatto.Tests\BenFatto.Tests.csproj", "{B83C420B-88EC-4A61-8898-CF774BAD8A63}"
EndProject
Project("{9A19103F-16F7-4668-BE54-9A1E7A4F7556}") = "BenFatto.Application", "BenFatto.Apllication\BenFatto.Application.csproj", "{E2AD5AE6-5E49-41D6-AFBA-DFCC75C0DA55}"
EndProject
Global
	GlobalSection(SolutionConfigurationPlatforms) = preSolution
		Debug|Any CPU = Debug|Any CPU
		Release|Any CPU = Release|Any CPU
	EndGlobalSection
	GlobalSection(ProjectConfigurationPlatforms) = postSolution
		{37C85CFE-E0ED-44EA-BEB6-E67960D5A094}.Debug|Any CPU.ActiveCfg = Debug|Any CPU
		{37C85CFE-E0ED-44EA-BEB6-E67960D5A094}.Debug|Any CPU.Build.0 = Debug|Any CPU
		{37C85CFE-E0ED-44EA-BEB6-E67960D5A094}.Release|Any CPU.ActiveCfg = Release|Any CPU
		{37C85CFE-E0ED-44EA-BEB6-E67960D5A094}.Release|Any CPU.Build.0 = Release|Any CPU
		{89E7C062-D24A-451A-BED4-DEB86EE85B19}.Debug|Any CPU.ActiveCfg = Debug|Any CPU
		{89E7C062-D24A-451A-BED4-DEB86EE85B19}.Debug|Any CPU.Build.0 = Debug|Any CPU
		{89E7C062-D24A-451A-BED4-DEB86EE85B19}.Release|Any CPU.ActiveCfg = Release|Any CPU
		{89E7C062-D24A-451A-BED4-DEB86EE85B19}.Release|Any CPU.Build.0 = Release|Any CPU
		{3FB7338D-E4EE-45EA-96C0-20521AB02791}.Debug|Any CPU.ActiveCfg = Debug|Any CPU
		{3FB7338D-E4EE-45EA-96C0-20521AB02791}.Debug|Any CPU.Build.0 = Debug|Any CPU
		{3FB7338D-E4EE-45EA-96C0-20521AB02791}.Release|Any CPU.ActiveCfg = Release|Any CPU
		{3FB7338D-E4EE-45EA-96C0-20521AB02791}.Release|Any CPU.Build.0 = Release|Any CPU
		{B6933ED7-5716-4974-8B82-062CCDC0A32A}.Debug|Any CPU.ActiveCfg = Debug|Any CPU
		{B6933ED7-5716-4974-8B82-062CCDC0A32A}.Debug|Any CPU.Build.0 = Debug|Any CPU
		{B6933ED7-5716-4974-8B82-062CCDC0A32A}.Release|Any CPU.ActiveCfg = Release|Any CPU
		{B6933ED7-5716-4974-8B82-062CCDC0A32A}.Release|Any CPU.Build.0 = Release|Any CPU
		{B83C420B-88EC-4A61-8898-CF774BAD8A63}.Debug|Any CPU.ActiveCfg = Debug|Any CPU
		{B83C420B-88EC-4A61-8898-CF774BAD8A63}.Debug|Any CPU.Build.0 = Debug|Any CPU
		{B83C420B-88EC-4A61-8898-CF774BAD8A63}.Release|Any CPU.ActiveCfg = Release|Any CPU
		{B83C420B-88EC-4A61-8898-CF774BAD8A63}.Release|Any CPU.Build.0 = Release|Any CPU
		{E2AD5AE6-5E49-41D6-AFBA-DFCC75C0DA55}.Debug|Any CPU.ActiveCfg = Debug|Any CPU
		{E2AD5AE6-5E49-41D6-AFBA-DFCC75C0DA55}.Debug|Any CPU.Build.0 = Debug|Any CPU
		{E2AD5AE6-5E49-41D6-AFBA-DFCC75C0DA55}.Release|Any CPU.ActiveCfg = Release|Any CPU
		{E2AD5AE6-5E49-41D6-AFBA-DFCC75C0DA55}.Release|Any CPU.Build.0 = Release|Any CPU
	EndGlobalSection
	GlobalSection(SolutionProperties) = preSolution
		HideSolutionNode = FALSE
	EndGlobalSection
	GlobalSection(NestedProjects) = preSolution
		{37C85CFE-E0ED-44EA-BEB6-E67960D5A094} = {3365D00C-CBBD-4AAD-9C2C-3AB8D4D8123B}
		{CB5FF016-84D0-43FB-92A0-AA0F7285DB8A} = {461AC037-16EC-4356-AF5D-5CF449A0E4DD}
		{89E7C062-D24A-451A-BED4-DEB86EE85B19} = {CB5FF016-84D0-43FB-92A0-AA0F7285DB8A}
		{3FB7338D-E4EE-45EA-96C0-20521AB02791} = {F56AE5D7-E5E2-4D8D-91E1-FAF86012C3B3}
		{B01153C3-2644-4E47-86C5-CEA64898C9F2} = {461AC037-16EC-4356-AF5D-5CF449A0E4DD}
		{B6933ED7-5716-4974-8B82-062CCDC0A32A} = {B01153C3-2644-4E47-86C5-CEA64898C9F2}
		{B83C420B-88EC-4A61-8898-CF774BAD8A63} = {D826AC3C-F56C-41C7-9295-F71EB7517990}
		{E2AD5AE6-5E49-41D6-AFBA-DFCC75C0DA55} = {48187387-B259-4DCE-8884-E37668FACEE7}
	EndGlobalSection
	GlobalSection(ExtensibilityGlobals) = postSolution
		SolutionGuid = {C34E0FDC-689C-4E67-95C0-D46DECBE42ED}
	EndGlobalSection
EndGlobal
